
Microsoft Visual Studio Solution File, Format Version 12.00
# Visual Studio 2012
Project("{FAE04EC0-301F-11D3-BF4B-00C04F79EFBC}") = "OnlinePurchaseService", "..\OnlinePurchase\OnlinePurchaseService.csproj", "{3F8ED04E-46D1-4D86-B4D8-6B9AEACD526E}"
EndProject
Project("{FAE04EC0-301F-11D3-BF4B-00C04F79EFBC}") = "PurchaseServiceHost", "..\PurchaseServiceHost\PurchaseServiceHost\PurchaseServiceHost.csproj", "{F13AD5D7-74EF-44EC-B6A1-B6B7D0ED09F1}"
EndProject
Project("{FAE04EC0-301F-11D3-BF4B-00C04F79EFBC}") = "TransactionService", "TransactionService\TransactionService.csproj", "{15B3E0D2-6217-493A-A690-158C497F5318}"
EndProject
Global
	GlobalSection(SolutionConfigurationPlatforms) = preSolution
		Debug|Any CPU = Debug|Any CPU
		Release|Any CPU = Release|Any CPU
	EndGlobalSection
	GlobalSection(ProjectConfigurationPlatforms) = postSolution
		{3F8ED04E-46D1-4D86-B4D8-6B9AEACD526E}.Debug|Any CPU.ActiveCfg = Debug|Any CPU
		{3F8ED04E-46D1-4D86-B4D8-6B9AEACD526E}.Debug|Any CPU.Build.0 = Debug|Any CPU
		{3F8ED04E-46D1-4D86-B4D8-6B9AEACD526E}.Release|Any CPU.ActiveCfg = Release|Any CPU
		{3F8ED04E-46D1-4D86-B4D8-6B9AEACD526E}.Release|Any CPU.Build.0 = Release|Any CPU
		{F13AD5D7-74EF-44EC-B6A1-B6B7D0ED09F1}.Debug|Any CPU.ActiveCfg = Debug|Any CPU
		{F13AD5D7-74EF-44EC-B6A1-B6B7D0ED09F1}.Debug|Any CPU.Build.0 = Debug|Any CPU
		{F13AD5D7-74EF-44EC-B6A1-B6B7D0ED09F1}.Release|Any CPU.ActiveCfg = Release|Any CPU
		{F13AD5D7-74EF-44EC-B6A1-B6B7D0ED09F1}.Release|Any CPU.Build.0 = Release|Any CPU
		{15B3E0D2-6217-493A-A690-158C497F5318}.Debug|Any CPU.ActiveCfg = Debug|Any CPU
		{15B3E0D2-6217-493A-A690-158C497F5318}.Debug|Any CPU.Build.0 = Debug|Any CPU
		{15B3E0D2-6217-493A-A690-158C497F5318}.Release|Any CPU.ActiveCfg = Release|Any CPU
		{15B3E0D2-6217-493A-A690-158C497F5318}.Release|Any CPU.Build.0 = Release|Any CPU
	EndGlobalSection
	GlobalSection(SolutionProperties) = preSolution
		HideSolutionNode = FALSE
	EndGlobalSection
EndGlobal
