
Microsoft Visual Studio Solution File, Format Version 12.00
# Visual Studio 2012
Project("{FAE04EC0-301F-11D3-BF4B-00C04F79EFBC}") = "ServiceLibrary", "ServiceLibrary.csproj", "{15B3E0D2-6217-493A-A690-158C497F5318}"
EndProject
Project("{E24C65DC-7377-472B-9ABA-BC803B73C61A}") = "WebHosting", "http://localhost/ServiceLibrary/WebHosting", "{FA2E9B3F-A817-430B-9741-6776C790B3EA}"
	ProjectSection(WebsiteProperties) = preProject
		UseIISExpress = "false"
		TargetFrameworkMoniker = ".NETFramework,Version%3Dv4.5"
		ProjectReferences = "{15b3e0d2-6217-493a-a690-158c497f5318}|ServiceLibrary.dll;"
		Debug.AspNetCompiler.VirtualPath = "/WebHosting"
		Debug.AspNetCompiler.PhysicalPath = "C:\inetpub\wwwroot\ServiceLibrary\WebHosting\"
		Debug.AspNetCompiler.TargetPath = "PrecompiledWeb\WebHosting\"
		Debug.AspNetCompiler.Updateable = "true"
		Debug.AspNetCompiler.ForceOverwrite = "true"
		Debug.AspNetCompiler.FixedNames = "false"
		Debug.AspNetCompiler.Debug = "True"
		Release.AspNetCompiler.VirtualPath = "/WebHosting"
		Release.AspNetCompiler.PhysicalPath = "C:\inetpub\wwwroot\ServiceLibrary\WebHosting\"
		Release.AspNetCompiler.TargetPath = "PrecompiledWeb\WebHosting\"
		Release.AspNetCompiler.Updateable = "true"
		Release.AspNetCompiler.ForceOverwrite = "true"
		Release.AspNetCompiler.FixedNames = "false"
		Release.AspNetCompiler.Debug = "False"
		SlnRelativePath = "C:\inetpub\wwwroot\ServiceLibrary\WebHosting\"
		DefaultWebSiteLanguage = "Visual C#"
	EndProjectSection
EndProject
Global
	GlobalSection(SolutionConfigurationPlatforms) = preSolution
		Debug|Any CPU = Debug|Any CPU
		Release|Any CPU = Release|Any CPU
	EndGlobalSection
	GlobalSection(ProjectConfigurationPlatforms) = postSolution
		{15B3E0D2-6217-493A-A690-158C497F5318}.Debug|Any CPU.ActiveCfg = Debug|Any CPU
		{15B3E0D2-6217-493A-A690-158C497F5318}.Debug|Any CPU.Build.0 = Debug|Any CPU
		{15B3E0D2-6217-493A-A690-158C497F5318}.Release|Any CPU.ActiveCfg = Release|Any CPU
		{15B3E0D2-6217-493A-A690-158C497F5318}.Release|Any CPU.Build.0 = Release|Any CPU
		{FA2E9B3F-A817-430B-9741-6776C790B3EA}.Debug|Any CPU.ActiveCfg = Debug|Any CPU
		{FA2E9B3F-A817-430B-9741-6776C790B3EA}.Debug|Any CPU.Build.0 = Debug|Any CPU
		{FA2E9B3F-A817-430B-9741-6776C790B3EA}.Release|Any CPU.ActiveCfg = Debug|Any CPU
		{FA2E9B3F-A817-430B-9741-6776C790B3EA}.Release|Any CPU.Build.0 = Debug|Any CPU
	EndGlobalSection
	GlobalSection(SolutionProperties) = preSolution
		HideSolutionNode = FALSE
	EndGlobalSection
EndGlobal
