
Microsoft Visual Studio Solution File, Format Version 12.00
# Visual Studio 2012
Project("{FAE04EC0-301F-11D3-BF4B-00C04F79EFBC}") = "Client", "Client\Client.csproj", "{BA2C44C0-16E6-4C74-9B9D-F7DABFB46638}"
EndProject
Global
	GlobalSection(SolutionConfigurationPlatforms) = preSolution
		Debug|Any CPU = Debug|Any CPU
		Release|Any CPU = Release|Any CPU
	EndGlobalSection
	GlobalSection(ProjectConfigurationPlatforms) = postSolution
		{BA2C44C0-16E6-4C74-9B9D-F7DABFB46638}.Debug|Any CPU.ActiveCfg = Debug|Any CPU
		{BA2C44C0-16E6-4C74-9B9D-F7DABFB46638}.Debug|Any CPU.Build.0 = Debug|Any CPU
		{BA2C44C0-16E6-4C74-9B9D-F7DABFB46638}.Release|Any CPU.ActiveCfg = Release|Any CPU
		{BA2C44C0-16E6-4C74-9B9D-F7DABFB46638}.Release|Any CPU.Build.0 = Release|Any CPU
	EndGlobalSection
	GlobalSection(SolutionProperties) = preSolution
		HideSolutionNode = FALSE
	EndGlobalSection
EndGlobal
