
Microsoft Visual Studio Solution File, Format Version 12.00
# Visual Studio 2012
Project("{FAE04EC0-301F-11D3-BF4B-00C04F79EFBC}") = "BackupService1Host", "..\BackupService1Host\BackupService1Host.csproj", "{5B122200-A7F4-412F-A431-773FB0DFF1C3}"
EndProject
Global
	GlobalSection(SolutionConfigurationPlatforms) = preSolution
		Debug|Any CPU = Debug|Any CPU
		Release|Any CPU = Release|Any CPU
	EndGlobalSection
	GlobalSection(ProjectConfigurationPlatforms) = postSolution
		{5B122200-A7F4-412F-A431-773FB0DFF1C3}.Debug|Any CPU.ActiveCfg = Debug|Any CPU
		{5B122200-A7F4-412F-A431-773FB0DFF1C3}.Debug|Any CPU.Build.0 = Debug|Any CPU
		{5B122200-A7F4-412F-A431-773FB0DFF1C3}.Release|Any CPU.ActiveCfg = Release|Any CPU
		{5B122200-A7F4-412F-A431-773FB0DFF1C3}.Release|Any CPU.Build.0 = Release|Any CPU
	EndGlobalSection
	GlobalSection(SolutionProperties) = preSolution
		HideSolutionNode = FALSE
	EndGlobalSection
EndGlobal
