
Microsoft Visual Studio Solution File, Format Version 12.00
# Visual Studio 2012
Project("{FAE04EC0-301F-11D3-BF4B-00C04F79EFBC}") = "CafeShopService", "CafeShopService\CafeShopService.csproj", "{15B3E0D2-6217-493A-A690-158C497F5318}"
EndProject
Project("{FAE04EC0-301F-11D3-BF4B-00C04F79EFBC}") = "CafeShopServiceHost", "..\CafeShopServiceHost\CafeShopServiceHost.csproj", "{CFD0DA05-A3A4-4AFA-B5F8-6654AC1F1DCD}"
EndProject
Global
	GlobalSection(SolutionConfigurationPlatforms) = preSolution
		Debug|Any CPU = Debug|Any CPU
		Release|Any CPU = Release|Any CPU
	EndGlobalSection
	GlobalSection(ProjectConfigurationPlatforms) = postSolution
		{15B3E0D2-6217-493A-A690-158C497F5318}.Debug|Any CPU.ActiveCfg = Debug|Any CPU
		{15B3E0D2-6217-493A-A690-158C497F5318}.Debug|Any CPU.Build.0 = Debug|Any CPU
		{15B3E0D2-6217-493A-A690-158C497F5318}.Release|Any CPU.ActiveCfg = Release|Any CPU
		{15B3E0D2-6217-493A-A690-158C497F5318}.Release|Any CPU.Build.0 = Release|Any CPU
		{CFD0DA05-A3A4-4AFA-B5F8-6654AC1F1DCD}.Debug|Any CPU.ActiveCfg = Debug|Any CPU
		{CFD0DA05-A3A4-4AFA-B5F8-6654AC1F1DCD}.Debug|Any CPU.Build.0 = Debug|Any CPU
		{CFD0DA05-A3A4-4AFA-B5F8-6654AC1F1DCD}.Release|Any CPU.ActiveCfg = Release|Any CPU
		{CFD0DA05-A3A4-4AFA-B5F8-6654AC1F1DCD}.Release|Any CPU.Build.0 = Release|Any CPU
	EndGlobalSection
	GlobalSection(SolutionProperties) = preSolution
		HideSolutionNode = FALSE
	EndGlobalSection
EndGlobal
